# THIS IS AN AUTOGENERATED FILE. DO NOT EDIT THIS FILE DIRECTLY.
# yarn lockfile v1


"@types/isomorphic-fetch@^0.0.34":
  version "0.0.34"
  resolved "https://registry.yarnpkg.com/@types/isomorphic-fetch/-/isomorphic-fetch-0.0.34.tgz#3c3483e606c041378438e951464f00e4e60706d6"

"@types/jest@^20.0.4":
  version "20.0.4"
  resolved "https://registry.yarnpkg.com/@types/jest/-/jest-20.0.4.tgz#91e2c76fbe90b3a719b5d689958f0495f005beb9"

"@types/node@^8.0.15":
  version "8.0.15"
  resolved "https://registry.yarnpkg.com/@types/node/-/node-8.0.15.tgz#8f23f8a4642ced357704d048010876fc0c7f179a"

inversify@^4.2.0:
  version "4.2.0"
  resolved "https://registry.yarnpkg.com/inversify/-/inversify-4.2.0.tgz#71966a5005b1ef735ba2709e66c5b5f7765087e3"

npms-client-service@^0.0.1:
  version "0.0.1"
  resolved "https://registry.yarnpkg.com/npms-client-service/-/npms-client-service-0.0.1.tgz#a9b7b190ee47bcc8fa8e98de37cbd02abc2e5395"
  dependencies:
    inversify "^4.2.0"
